
Microsoft Visual Studio Solution File, Format Version 12.00
# Visual Studio 14
VisualStudioVersion = 14.0.25420.1
MinimumVisualStudioVersion = 10.0.40219.1
Project("{2150E333-8FDC-42A3-9474-1A3956D46DE8}") = "1-Presentation", "1-Presentation", "{D17BB6BE-9691-4686-8DA0-01CC0014AEAB}"
EndProject
Project("{2150E333-8FDC-42A3-9474-1A3956D46DE8}") = "4-Domain", "4-Domain", "{7EDBE357-777A-4E38-AE2A-8EE509E28291}"
EndProject
Project("{FAE04EC0-301F-11D3-BF4B-00C04F79EFBC}") = "ADS1T1M.TP3.IURI_MOREIRA.Presentation.ConsoleApp", "ADS1T1M.TP3.IURI_MOREIRA.Presentation.ConsoleApp\ADS1T1M.TP3.IURI_MOREIRA.Presentation.ConsoleApp.csproj", "{56970197-F3BB-470F-BF10-89997D0A0B60}"
EndProject
Project("{FAE04EC0-301F-11D3-BF4B-00C04F79EFBC}") = "ADS1T1M.TP3.IURI_MOREIRA.Solution.Domain", "ADS1T1M.TP3.IURI_MOREIRA.Solution.Domain\ADS1T1M.TP3.IURI_MOREIRA.Solution.Domain.csproj", "{057DCF0B-88B4-452F-9EF1-ABA13FBD173E}"
EndProject
Project("{2150E333-8FDC-42A3-9474-1A3956D46DE8}") = "5-Infra", "5-Infra", "{68D90D32-CEBE-400C-AB30-7C08A072E316}"
EndProject
Project("{2150E333-8FDC-42A3-9474-1A3956D46DE8}") = "5.1-Data", "5.1-Data", "{4DA7A59D-051A-4F31-BFA2-75BF7D2C0EB0}"
EndProject
Project("{FAE04EC0-301F-11D3-BF4B-00C04F79EFBC}") = "ADS1T1M.TP3.IURI_MOREIRA.Solution.Infra.Data", "ADS1T1M.TP3.IURI_MOREIRA.Solution.Infra.Data\ADS1T1M.TP3.IURI_MOREIRA.Solution.Infra.Data.csproj", "{96B5BE85-FE55-49E6-A7C9-0CD18461111B}"
EndProject
Project("{FAE04EC0-301F-11D3-BF4B-00C04F79EFBC}") = "ADS1T1M.TP3.IURI_MOREIRA.Presentation.WPFApp", "ADS1T1M.TP3.IURI_MOREIRA.Presentation.WPFApp\ADS1T1M.TP3.IURI_MOREIRA.Presentation.WPFApp.csproj", "{026F56CB-6A38-4F92-A55B-8B996AD9F006}"
EndProject
Global
	GlobalSection(SolutionConfigurationPlatforms) = preSolution
		Debug|Any CPU = Debug|Any CPU
		Release|Any CPU = Release|Any CPU
	EndGlobalSection
	GlobalSection(ProjectConfigurationPlatforms) = postSolution
		{56970197-F3BB-470F-BF10-89997D0A0B60}.Debug|Any CPU.ActiveCfg = Debug|Any CPU
		{56970197-F3BB-470F-BF10-89997D0A0B60}.Debug|Any CPU.Build.0 = Debug|Any CPU
		{56970197-F3BB-470F-BF10-89997D0A0B60}.Release|Any CPU.ActiveCfg = Release|Any CPU
		{56970197-F3BB-470F-BF10-89997D0A0B60}.Release|Any CPU.Build.0 = Release|Any CPU
		{057DCF0B-88B4-452F-9EF1-ABA13FBD173E}.Debug|Any CPU.ActiveCfg = Debug|Any CPU
		{057DCF0B-88B4-452F-9EF1-ABA13FBD173E}.Debug|Any CPU.Build.0 = Debug|Any CPU
		{057DCF0B-88B4-452F-9EF1-ABA13FBD173E}.Release|Any CPU.ActiveCfg = Release|Any CPU
		{057DCF0B-88B4-452F-9EF1-ABA13FBD173E}.Release|Any CPU.Build.0 = Release|Any CPU
		{96B5BE85-FE55-49E6-A7C9-0CD18461111B}.Debug|Any CPU.ActiveCfg = Debug|Any CPU
		{96B5BE85-FE55-49E6-A7C9-0CD18461111B}.Debug|Any CPU.Build.0 = Debug|Any CPU
		{96B5BE85-FE55-49E6-A7C9-0CD18461111B}.Release|Any CPU.ActiveCfg = Release|Any CPU
		{96B5BE85-FE55-49E6-A7C9-0CD18461111B}.Release|Any CPU.Build.0 = Release|Any CPU
		{026F56CB-6A38-4F92-A55B-8B996AD9F006}.Debug|Any CPU.ActiveCfg = Debug|Any CPU
		{026F56CB-6A38-4F92-A55B-8B996AD9F006}.Debug|Any CPU.Build.0 = Debug|Any CPU
		{026F56CB-6A38-4F92-A55B-8B996AD9F006}.Release|Any CPU.ActiveCfg = Release|Any CPU
		{026F56CB-6A38-4F92-A55B-8B996AD9F006}.Release|Any CPU.Build.0 = Release|Any CPU
	EndGlobalSection
	GlobalSection(SolutionProperties) = preSolution
		HideSolutionNode = FALSE
	EndGlobalSection
	GlobalSection(NestedProjects) = preSolution
		{56970197-F3BB-470F-BF10-89997D0A0B60} = {D17BB6BE-9691-4686-8DA0-01CC0014AEAB}
		{057DCF0B-88B4-452F-9EF1-ABA13FBD173E} = {7EDBE357-777A-4E38-AE2A-8EE509E28291}
		{4DA7A59D-051A-4F31-BFA2-75BF7D2C0EB0} = {68D90D32-CEBE-400C-AB30-7C08A072E316}
		{96B5BE85-FE55-49E6-A7C9-0CD18461111B} = {4DA7A59D-051A-4F31-BFA2-75BF7D2C0EB0}
		{026F56CB-6A38-4F92-A55B-8B996AD9F006} = {D17BB6BE-9691-4686-8DA0-01CC0014AEAB}
	EndGlobalSection
EndGlobal
